
Microsoft Visual Studio Solution File, Format Version 12.00
# Visual Studio Version 16
VisualStudioVersion = 16.0.31105.61
MinimumVisualStudioVersion = 10.0.40219.1
Project("{9A19103F-16F7-4668-BE54-9A1E7A4F7556}") = "FileDB", "FileDB\FileDB.csproj", "{011AA3FF-79A7-4E0F-8CC1-D11B4EF8144D}"
EndProject
Project("{9A19103F-16F7-4668-BE54-9A1E7A4F7556}") = "FileDB.Tests", "FileDB.Tests\FileDB.Tests.csproj", "{11EED885-3528-4E2F-9CA0-002F070D9A29}"
EndProject
Project("{FAE04EC0-301F-11D3-BF4B-00C04F79EFBC}") = "Sample", "Sample\Sample.csproj", "{C2FE0839-7144-4AC0-BA12-DD95FBC1D6BD}"
EndProject
Global
	GlobalSection(SolutionConfigurationPlatforms) = preSolution
		Debug|Any CPU = Debug|Any CPU
		Release|Any CPU = Release|Any CPU
	EndGlobalSection
	GlobalSection(ProjectConfigurationPlatforms) = postSolution
		{011AA3FF-79A7-4E0F-8CC1-D11B4EF8144D}.Debug|Any CPU.ActiveCfg = Debug|Any CPU
		{011AA3FF-79A7-4E0F-8CC1-D11B4EF8144D}.Debug|Any CPU.Build.0 = Debug|Any CPU
		{011AA3FF-79A7-4E0F-8CC1-D11B4EF8144D}.Release|Any CPU.ActiveCfg = Release|Any CPU
		{011AA3FF-79A7-4E0F-8CC1-D11B4EF8144D}.Release|Any CPU.Build.0 = Release|Any CPU
		{11EED885-3528-4E2F-9CA0-002F070D9A29}.Debug|Any CPU.ActiveCfg = Debug|Any CPU
		{11EED885-3528-4E2F-9CA0-002F070D9A29}.Debug|Any CPU.Build.0 = Debug|Any CPU
		{11EED885-3528-4E2F-9CA0-002F070D9A29}.Release|Any CPU.ActiveCfg = Release|Any CPU
		{11EED885-3528-4E2F-9CA0-002F070D9A29}.Release|Any CPU.Build.0 = Release|Any CPU
		{C2FE0839-7144-4AC0-BA12-DD95FBC1D6BD}.Debug|Any CPU.ActiveCfg = Debug|Any CPU
		{C2FE0839-7144-4AC0-BA12-DD95FBC1D6BD}.Debug|Any CPU.Build.0 = Debug|Any CPU
		{C2FE0839-7144-4AC0-BA12-DD95FBC1D6BD}.Release|Any CPU.ActiveCfg = Release|Any CPU
		{C2FE0839-7144-4AC0-BA12-DD95FBC1D6BD}.Release|Any CPU.Build.0 = Release|Any CPU
	EndGlobalSection
	GlobalSection(SolutionProperties) = preSolution
		HideSolutionNode = FALSE
	EndGlobalSection
	GlobalSection(ExtensibilityGlobals) = postSolution
		SolutionGuid = {F6ED7F93-8F54-4F42-894F-D3BF97481870}
	EndGlobalSection
EndGlobal
